{
  "name": "nestjs-learning",
  "lockfileVersion": 2,
  "requires": true,
  "packages": {
    "": {
      "dependencies": {
        "class-transformer": "^0.5.1",
        "class-validator": "^0.14.0"
      }
    },
    "node_modules/@types/validator": {
      "version": "13.9.0",
      "resolved": "https://registry.npmjs.org/@types/validator/-/validator-13.9.0.tgz",
      "integrity": "sha512-NclP0IbzHj/4tJZKFqKh8E7kZdgss+MCUYV9G+TLltFfDA4lFgE4PKPpDIyS2FlcdANIfSx273emkupvChigbw=="
    },
    "node_modules/class-transformer": {
      "version": "0.5.1",
      "resolved": "https://registry.npmjs.org/class-transformer/-/class-transformer-0.5.1.tgz",
      "integrity": "sha512-SQa1Ws6hUbfC98vKGxZH3KFY0Y1lm5Zm0SY8XX9zbK7FJCyVEac3ATW0RIpwzW+oOfmHE5PMPufDG9hCfoEOMw=="
    },
    "node_modules/class-validator": {
      "version": "0.14.0",
      "resolved": "https://registry.npmjs.org/class-validator/-/class-validator-0.14.0.tgz",
      "integrity": "sha512-ct3ltplN8I9fOwUd8GrP8UQixwff129BkEtuWDKL5W45cQuLd19xqmTLu5ge78YDm/fdje6FMt0hGOhl0lii3A==",
      "dependencies": {
        "@types/validator": "^13.7.10",
        "libphonenumber-js": "^1.10.14",
        "validator": "^13.7.0"
      }
    },
    "node_modules/libphonenumber-js": {
      "version": "1.10.39",
      "resolved": "https://registry.npmjs.org/libphonenumber-js/-/libphonenumber-js-1.10.39.tgz",
      "integrity": "sha512-iPMM/NbSNIrdwbr94rAOos6krB7snhfzEptmk/DJUtTPs+P9gOhZ1YXVPcRgjpp3jJByclfm/Igvz45spfJK7g=="
    },
    "node_modules/validator": {
      "version": "13.11.0",
      "resolved": "https://registry.npmjs.org/validator/-/validator-13.11.0.tgz",
      "integrity": "sha512-Ii+sehpSfZy+At5nPdnyMhx78fEoPDkR2XW/zimHEL3MyGJQOCQ7WeP20jPYRz7ZCpcKLB21NxuXHF3bxjStBQ==",
      "engines": {
        "node": ">= 0.10"
      }
    }
  },
  "dependencies": {
    "@types/validator": {
      "version": "13.9.0",
      "resolved": "https://registry.npmjs.org/@types/validator/-/validator-13.9.0.tgz",
      "integrity": "sha512-NclP0IbzHj/4tJZKFqKh8E7kZdgss+MCUYV9G+TLltFfDA4lFgE4PKPpDIyS2FlcdANIfSx273emkupvChigbw=="
    },
    "class-transformer": {
      "version": "0.5.1",
      "resolved": "https://registry.npmjs.org/class-transformer/-/class-transformer-0.5.1.tgz",
      "integrity": "sha512-SQa1Ws6hUbfC98vKGxZH3KFY0Y1lm5Zm0SY8XX9zbK7FJCyVEac3ATW0RIpwzW+oOfmHE5PMPufDG9hCfoEOMw=="
    },
    "class-validator": {
      "version": "0.14.0",
      "resolved": "https://registry.npmjs.org/class-validator/-/class-validator-0.14.0.tgz",
      "integrity": "sha512-ct3ltplN8I9fOwUd8GrP8UQixwff129BkEtuWDKL5W45cQuLd19xqmTLu5ge78YDm/fdje6FMt0hGOhl0lii3A==",
      "requires": {
        "@types/validator": "^13.7.10",
        "libphonenumber-js": "^1.10.14",
        "validator": "^13.7.0"
      }
    },
    "libphonenumber-js": {
      "version": "1.10.39",
      "resolved": "https://registry.npmjs.org/libphonenumber-js/-/libphonenumber-js-1.10.39.tgz",
      "integrity": "sha512-iPMM/NbSNIrdwbr94rAOos6krB7snhfzEptmk/DJUtTPs+P9gOhZ1YXVPcRgjpp3jJByclfm/Igvz45spfJK7g=="
    },
    "validator": {
      "version": "13.11.0",
      "resolved": "https://registry.npmjs.org/validator/-/validator-13.11.0.tgz",
      "integrity": "sha512-Ii+sehpSfZy+At5nPdnyMhx78fEoPDkR2XW/zimHEL3MyGJQOCQ7WeP20jPYRz7ZCpcKLB21NxuXHF3bxjStBQ=="
    }
  }
}
